
Microsoft Visual Studio Solution File, Format Version 12.00
# Visual Studio 2012
Project("{FAE04EC0-301F-11D3-BF4B-00C04F79EFBC}") = "Arsat.Services.GeoIp.ServiceInterface", "app\Arsat.Services.GeoIp.ServiceInterface\Arsat.Services.GeoIp.ServiceInterface.csproj", "{187874C1-55E7-4ADF-9937-61AC54B309C5}"
EndProject
Project("{FAE04EC0-301F-11D3-BF4B-00C04F79EFBC}") = "Arsat.Services.GeoIp.ServiceModel", "app\Arsat.Services.GeoIp.ServiceModel\Arsat.Services.GeoIp.ServiceModel.csproj", "{7490573F-00E1-4573-8C80-52DBC258F0B2}"
EndProject
Project("{FAE04EC0-301F-11D3-BF4B-00C04F79EFBC}") = "ArSat.Services.GeoIp", "app\ArSat.Services.GeoIp\ArSat.Services.GeoIp.csproj", "{12001E6B-2BA9-4D82-A0FC-BBE689B206E7}"
EndProject
Project("{2150E333-8FDC-42A3-9474-1A3956D46DE8}") = "Tests", "Tests", "{06ADDE71-DF90-49A3-B5B9-3E84A3A3931C}"
EndProject
Project("{2150E333-8FDC-42A3-9474-1A3956D46DE8}") = "Sources", "Sources", "{6C982290-B51C-4B3D-ACFF-732FC53B7EEC}"
EndProject
Project("{FAE04EC0-301F-11D3-BF4B-00C04F79EFBC}") = "ArSat.Services.GeoIp.Specs", "tests\ArSat.Services.GeoIp.Specs\ArSat.Services.GeoIp.Specs.csproj", "{99955A96-71AA-4219-9C5B-73F4C846767F}"
EndProject
Project("{FAE04EC0-301F-11D3-BF4B-00C04F79EFBC}") = "ArSat.Services.GeoIp.Tests", "tests\ArSat.Services.GeoIp.Tests\ArSat.Services.GeoIp.Tests.csproj", "{F975A38B-4D1A-48E5-9FA3-3D44C6322202}"
EndProject
Project("{FAE04EC0-301F-11D3-BF4B-00C04F79EFBC}") = "ArSat.Services.GeoIp.Features", "tests\ArSat.Services.GeoIp.Features\ArSat.Services.GeoIp.Features.csproj", "{CD1E4679-6548-40BF-B70C-85A7D159C22D}"
EndProject
Project("{2150E333-8FDC-42A3-9474-1A3956D46DE8}") = ".nuget", ".nuget", "{C7C9AD1A-551F-4429-BF34-DF1E071AB702}"
	ProjectSection(SolutionItems) = preProject
		.nuget\NuGet.Config = .nuget\NuGet.Config
		.nuget\NuGet.exe = .nuget\NuGet.exe
	EndProjectSection
EndProject
Project("{2150E333-8FDC-42A3-9474-1A3956D46DE8}") = "Build", "Build", "{A118578E-F422-405A-9D02-099F5DF0A580}"
	ProjectSection(SolutionItems) = preProject
		build.bat = build.bat
		Gruntfile.js = Gruntfile.js
		package.json = package.json
	EndProjectSection
EndProject
Global
	GlobalSection(SubversionScc) = preSolution
		Svn-Managed = True
		Manager = AnkhSVN - Subversion Support for Visual Studio
	EndGlobalSection
	GlobalSection(SolutionConfigurationPlatforms) = preSolution
		Debug|Any CPU = Debug|Any CPU
		Release|Any CPU = Release|Any CPU
	EndGlobalSection
	GlobalSection(ProjectConfigurationPlatforms) = postSolution
		{187874C1-55E7-4ADF-9937-61AC54B309C5}.Debug|Any CPU.ActiveCfg = Debug|Any CPU
		{187874C1-55E7-4ADF-9937-61AC54B309C5}.Debug|Any CPU.Build.0 = Debug|Any CPU
		{187874C1-55E7-4ADF-9937-61AC54B309C5}.Release|Any CPU.ActiveCfg = Release|Any CPU
		{187874C1-55E7-4ADF-9937-61AC54B309C5}.Release|Any CPU.Build.0 = Release|Any CPU
		{7490573F-00E1-4573-8C80-52DBC258F0B2}.Debug|Any CPU.ActiveCfg = Debug|Any CPU
		{7490573F-00E1-4573-8C80-52DBC258F0B2}.Debug|Any CPU.Build.0 = Debug|Any CPU
		{7490573F-00E1-4573-8C80-52DBC258F0B2}.Release|Any CPU.ActiveCfg = Release|Any CPU
		{7490573F-00E1-4573-8C80-52DBC258F0B2}.Release|Any CPU.Build.0 = Release|Any CPU
		{12001E6B-2BA9-4D82-A0FC-BBE689B206E7}.Debug|Any CPU.ActiveCfg = Debug|Any CPU
		{12001E6B-2BA9-4D82-A0FC-BBE689B206E7}.Debug|Any CPU.Build.0 = Debug|Any CPU
		{12001E6B-2BA9-4D82-A0FC-BBE689B206E7}.Release|Any CPU.ActiveCfg = Release|Any CPU
		{12001E6B-2BA9-4D82-A0FC-BBE689B206E7}.Release|Any CPU.Build.0 = Release|Any CPU
		{99955A96-71AA-4219-9C5B-73F4C846767F}.Debug|Any CPU.ActiveCfg = Debug|Any CPU
		{99955A96-71AA-4219-9C5B-73F4C846767F}.Debug|Any CPU.Build.0 = Debug|Any CPU
		{99955A96-71AA-4219-9C5B-73F4C846767F}.Release|Any CPU.ActiveCfg = Release|Any CPU
		{99955A96-71AA-4219-9C5B-73F4C846767F}.Release|Any CPU.Build.0 = Release|Any CPU
		{F975A38B-4D1A-48E5-9FA3-3D44C6322202}.Debug|Any CPU.ActiveCfg = Debug|Any CPU
		{F975A38B-4D1A-48E5-9FA3-3D44C6322202}.Debug|Any CPU.Build.0 = Debug|Any CPU
		{F975A38B-4D1A-48E5-9FA3-3D44C6322202}.Release|Any CPU.ActiveCfg = Release|Any CPU
		{F975A38B-4D1A-48E5-9FA3-3D44C6322202}.Release|Any CPU.Build.0 = Release|Any CPU
		{CD1E4679-6548-40BF-B70C-85A7D159C22D}.Debug|Any CPU.ActiveCfg = Debug|Any CPU
		{CD1E4679-6548-40BF-B70C-85A7D159C22D}.Debug|Any CPU.Build.0 = Debug|Any CPU
		{CD1E4679-6548-40BF-B70C-85A7D159C22D}.Release|Any CPU.ActiveCfg = Release|Any CPU
		{CD1E4679-6548-40BF-B70C-85A7D159C22D}.Release|Any CPU.Build.0 = Release|Any CPU
	EndGlobalSection
	GlobalSection(SolutionProperties) = preSolution
		HideSolutionNode = FALSE
	EndGlobalSection
	GlobalSection(NestedProjects) = preSolution
		{7490573F-00E1-4573-8C80-52DBC258F0B2} = {6C982290-B51C-4B3D-ACFF-732FC53B7EEC}
		{12001E6B-2BA9-4D82-A0FC-BBE689B206E7} = {6C982290-B51C-4B3D-ACFF-732FC53B7EEC}
		{187874C1-55E7-4ADF-9937-61AC54B309C5} = {6C982290-B51C-4B3D-ACFF-732FC53B7EEC}
		{99955A96-71AA-4219-9C5B-73F4C846767F} = {06ADDE71-DF90-49A3-B5B9-3E84A3A3931C}
		{F975A38B-4D1A-48E5-9FA3-3D44C6322202} = {06ADDE71-DF90-49A3-B5B9-3E84A3A3931C}
		{CD1E4679-6548-40BF-B70C-85A7D159C22D} = {06ADDE71-DF90-49A3-B5B9-3E84A3A3931C}
	EndGlobalSection
EndGlobal
